Microsoft Visual Studio Solution File, Format Version 12.00
# Visual Studio Version 16
VisualStudioVersion = 16.0.30014.187
MinimumVisualStudioVersion = 10.0.40219.1
Project("{9A19103F-16F7-4668-BE54-9A1E7A4F7556}") = "OriinDic", "OriinDic.csproj", "{0F4D2757-5BE4-4F24-833D-981B4FDA1B9C}"
EndProject
Global
	GlobalSection(SolutionConfigurationPlatforms) = preSolution
		Debug|Any CPU = Debug|Any CPU
		DebugLocal|Any CPU = DebugLocal|Any CPU
		Docker|Any CPU = Docker|Any CPU
		Release|Any CPU = Release|Any CPU
		AWS|Any CPU = AWS|Any CPU
	EndGlobalSection
	GlobalSection(ProjectConfigurationPlatforms) = postSolution
		{0F4D2757-5BE4-4F24-833D-981B4FDA1B9C}.DebugLocal|Any CPU.ActiveCfg = Debug|Any CPU
		{0F4D2757-5BE4-4F24-833D-981B4FDA1B9C}.DebugLocal|Any CPU.Build.0 = Debug|Any CPU
		{0F4D2757-5BE4-4F24-833D-981B4FDA1B9C}.Docker|Any CPU.ActiveCfg = Debug|Any CPU
		{0F4D2757-5BE4-4F24-833D-981B4FDA1B9C}.Docker|Any CPU.Build.0 = Debug|Any CPU
		{0F4D2757-5BE4-4F24-833D-981B4FDA1B9C}.Release|Any CPU.ActiveCfg = Release|Any CPU
		{0F4D2757-5BE4-4F24-833D-981B4FDA1B9C}.Release|Any CPU.Build.0 = Release|Any CPU
		{0F4D2757-5BE4-4F24-833D-981B4FDA1B9C}.Debug|Any CPU.ActiveCfg = AWS|Any CPU
		{0F4D2757-5BE4-4F24-833D-981B4FDA1B9C}.Debug|Any CPU.Build.0 = AWS|Any CPU
		{0F4D2757-5BE4-4F24-833D-981B4FDA1B9C}.AWS|Any CPU.ActiveCfg = AWS|Any CPU
		{0F4D2757-5BE4-4F24-833D-981B4FDA1B9C}.AWS|Any CPU.Build.0 = AWS|Any CPU
	EndGlobalSection
	GlobalSection(SolutionProperties) = preSolution
		HideSolutionNode = FALSE
	EndGlobalSection
	GlobalSection(ExtensibilityGlobals) = postSolution
		SolutionGuid = {2A87E3F3-6731-4D75-B3DB-4022879BB34E}
	EndGlobalSection
EndGlobal
